
Microsoft Visual Studio Solution File, Format Version 12.00
Project("{FAE04EC0-301F-11D3-BF4B-00C04F79EFBC}") = "Contracts.BLL.Base", "Contracts.BLL.Base\Contracts.BLL.Base.csproj", "{9115D396-6AF6-4F91-9F83-367B0D88ACDD}"
EndProject
Project("{FAE04EC0-301F-11D3-BF4B-00C04F79EFBC}") = "Contracts.DAL.Base", "Contracts.DAL.Base\Contracts.DAL.Base.csproj", "{6F297E08-B252-4541-A1F7-69AAE6DB0FC1}"
EndProject
Project("{FAE04EC0-301F-11D3-BF4B-00C04F79EFBC}") = "BLL.Base", "BLL.Base\BLL.Base.csproj", "{61EFF46E-36AB-4AED-8D52-EAA27860BA0C}"
EndProject
Project("{FAE04EC0-301F-11D3-BF4B-00C04F79EFBC}") = "DAL.Base", "DAL.Base\DAL.Base.csproj", "{B0AD6BF3-141A-4249-9716-17FB3260DA1D}"
EndProject
Project("{FAE04EC0-301F-11D3-BF4B-00C04F79EFBC}") = "DAL.Base.EF", "DAL.Base.EF\DAL.Base.EF.csproj", "{F1F78B72-8B66-457F-A900-539E078E20F7}"
EndProject
Project("{2150E333-8FDC-42A3-9474-1A3956D46DE8}") = "BLL", "BLL", "{173E94F9-EEDD-4AA8-B4F2-86A5AC07E133}"
EndProject
Project("{2150E333-8FDC-42A3-9474-1A3956D46DE8}") = "Contracts", "Contracts", "{FCFE2F91-2369-458C-9438-DAD937FBA8D8}"
EndProject
Project("{2150E333-8FDC-42A3-9474-1A3956D46DE8}") = "DAL", "DAL", "{37143089-C8DA-47F9-888A-22922363966A}"
EndProject
Project("{2150E333-8FDC-42A3-9474-1A3956D46DE8}") = "Packages", "Packages", "{92930779-0FE3-4DEB-81B6-1BE6078B43F3}"
ProjectSection(SolutionItems) = preProject
	BLL.Base\bin\Release\ee.itcollege.aleksi.BLL.Base.1.0.0.nupkg = BLL.Base\bin\Release\ee.itcollege.aleksi.BLL.Base.1.0.0.nupkg
	Contracts.BLL.Base\bin\Release\ee.itcollege.aleksi.Contracts.BLL.Base.1.0.0.nupkg = Contracts.BLL.Base\bin\Release\ee.itcollege.aleksi.Contracts.BLL.Base.1.0.0.nupkg
	Contracts.DAL.Base\bin\Release\ee.itcollege.aleksi.Contracts.DAL.Base.1.0.0.nupkg = Contracts.DAL.Base\bin\Release\ee.itcollege.aleksi.Contracts.DAL.Base.1.0.0.nupkg
	DAL.Base\bin\Release\ee.itcollege.aleksi.DAL.Base.1.0.0.nupkg = DAL.Base\bin\Release\ee.itcollege.aleksi.DAL.Base.1.0.0.nupkg
	DAL.Base.EF\bin\Release\ee.itcollege.aleksi.DAL.Base.EF.1.0.0.nupkg = DAL.Base.EF\bin\Release\ee.itcollege.aleksi.DAL.Base.EF.1.0.0.nupkg
EndProjectSection
EndProject
Global
	GlobalSection(SolutionConfigurationPlatforms) = preSolution
		Debug|Any CPU = Debug|Any CPU
		Release|Any CPU = Release|Any CPU
	EndGlobalSection
	GlobalSection(ProjectConfigurationPlatforms) = postSolution
		{9115D396-6AF6-4F91-9F83-367B0D88ACDD}.Debug|Any CPU.ActiveCfg = Debug|Any CPU
		{9115D396-6AF6-4F91-9F83-367B0D88ACDD}.Debug|Any CPU.Build.0 = Debug|Any CPU
		{9115D396-6AF6-4F91-9F83-367B0D88ACDD}.Release|Any CPU.ActiveCfg = Release|Any CPU
		{9115D396-6AF6-4F91-9F83-367B0D88ACDD}.Release|Any CPU.Build.0 = Release|Any CPU
		{6F297E08-B252-4541-A1F7-69AAE6DB0FC1}.Debug|Any CPU.ActiveCfg = Debug|Any CPU
		{6F297E08-B252-4541-A1F7-69AAE6DB0FC1}.Debug|Any CPU.Build.0 = Debug|Any CPU
		{6F297E08-B252-4541-A1F7-69AAE6DB0FC1}.Release|Any CPU.ActiveCfg = Release|Any CPU
		{6F297E08-B252-4541-A1F7-69AAE6DB0FC1}.Release|Any CPU.Build.0 = Release|Any CPU
		{61EFF46E-36AB-4AED-8D52-EAA27860BA0C}.Debug|Any CPU.ActiveCfg = Debug|Any CPU
		{61EFF46E-36AB-4AED-8D52-EAA27860BA0C}.Debug|Any CPU.Build.0 = Debug|Any CPU
		{61EFF46E-36AB-4AED-8D52-EAA27860BA0C}.Release|Any CPU.ActiveCfg = Release|Any CPU
		{61EFF46E-36AB-4AED-8D52-EAA27860BA0C}.Release|Any CPU.Build.0 = Release|Any CPU
		{B0AD6BF3-141A-4249-9716-17FB3260DA1D}.Debug|Any CPU.ActiveCfg = Debug|Any CPU
		{B0AD6BF3-141A-4249-9716-17FB3260DA1D}.Debug|Any CPU.Build.0 = Debug|Any CPU
		{B0AD6BF3-141A-4249-9716-17FB3260DA1D}.Release|Any CPU.ActiveCfg = Release|Any CPU
		{B0AD6BF3-141A-4249-9716-17FB3260DA1D}.Release|Any CPU.Build.0 = Release|Any CPU
		{F1F78B72-8B66-457F-A900-539E078E20F7}.Debug|Any CPU.ActiveCfg = Debug|Any CPU
		{F1F78B72-8B66-457F-A900-539E078E20F7}.Debug|Any CPU.Build.0 = Debug|Any CPU
		{F1F78B72-8B66-457F-A900-539E078E20F7}.Release|Any CPU.ActiveCfg = Release|Any CPU
		{F1F78B72-8B66-457F-A900-539E078E20F7}.Release|Any CPU.Build.0 = Release|Any CPU
	EndGlobalSection
	GlobalSection(NestedProjects) = preSolution
		{61EFF46E-36AB-4AED-8D52-EAA27860BA0C} = {173E94F9-EEDD-4AA8-B4F2-86A5AC07E133}
		{9115D396-6AF6-4F91-9F83-367B0D88ACDD} = {FCFE2F91-2369-458C-9438-DAD937FBA8D8}
		{6F297E08-B252-4541-A1F7-69AAE6DB0FC1} = {FCFE2F91-2369-458C-9438-DAD937FBA8D8}
		{B0AD6BF3-141A-4249-9716-17FB3260DA1D} = {37143089-C8DA-47F9-888A-22922363966A}
		{F1F78B72-8B66-457F-A900-539E078E20F7} = {37143089-C8DA-47F9-888A-22922363966A}
	EndGlobalSection
EndGlobal
