
Microsoft Visual Studio Solution File, Format Version 12.00
Project("{FAE04EC0-301F-11D3-BF4B-00C04F79EFBC}") = "WebApp", "WebApp\WebApp.csproj", "{0BA1A7A5-8CA4-4779-B7AF-C4085D53E1E4}"
EndProject
Project("{FAE04EC0-301F-11D3-BF4B-00C04F79EFBC}") = "Domain", "Domain\Domain.csproj", "{6C9FB94C-F73A-48CF-B9DA-9DA31C9399F2}"
EndProject
Project("{FAE04EC0-301F-11D3-BF4B-00C04F79EFBC}") = "Extensions", "Extensions\Extensions.csproj", "{A3FC6BED-DFA3-4136-85AA-4ED3B7BE4AC5}"
EndProject
Project("{FAE04EC0-301F-11D3-BF4B-00C04F79EFBC}") = "PublicApi.v1", "PublicApi.v1\PublicApi.v1.csproj", "{ED33CF89-BE66-496E-B50F-8D1A9D79AD88}"
EndProject
Project("{FAE04EC0-301F-11D3-BF4B-00C04F79EFBC}") = "BLL.App", "BLL.App\BLL.App.csproj", "{D7DB67C1-C9F3-41CE-ACAA-21CC1FA0975A}"
EndProject
Project("{FAE04EC0-301F-11D3-BF4B-00C04F79EFBC}") = "BLL.App.DTO", "BLL.App.DTO\BLL.App.DTO.csproj", "{51AE95BD-FDFB-494C-AA1C-6F9E0205983C}"
EndProject
Project("{FAE04EC0-301F-11D3-BF4B-00C04F79EFBC}") = "DAL.App", "DAL.App\DAL.App.csproj", "{ABCC90E7-C1FD-4A20-9645-4C8F69C13271}"
EndProject
Project("{FAE04EC0-301F-11D3-BF4B-00C04F79EFBC}") = "DAL.App.DTO", "DAL.App.DTO\DAL.App.DTO.csproj", "{C8BA9088-6405-42B7-B4F5-5AD7186EBA49}"
EndProject
Project("{FAE04EC0-301F-11D3-BF4B-00C04F79EFBC}") = "DAL.App.EF", "DAL.App.EF\DAL.App.EF.csproj", "{5DE2478B-EF27-414A-8B38-878866A4356A}"
EndProject
Project("{FAE04EC0-301F-11D3-BF4B-00C04F79EFBC}") = "Contracts.DAL.App", "Contracts.DAL.App\Contracts.DAL.App.csproj", "{B5258C5F-0BA7-4C38-8C55-08BDC69887C6}"
EndProject
Project("{FAE04EC0-301F-11D3-BF4B-00C04F79EFBC}") = "Contracts.BLL.App", "Contracts.BLL.App\Contracts.BLL.App.csproj", "{69A697A4-5F6D-44F0-9665-7DACCD3A587C}"
EndProject
Project("{2150E333-8FDC-42A3-9474-1A3956D46DE8}") = "DAL", "DAL", "{91E73F48-B2B2-488A-8BEA-94DB50841131}"
EndProject
Project("{2150E333-8FDC-42A3-9474-1A3956D46DE8}") = "BLL", "BLL", "{A637E5E9-31D7-412C-88CF-91F5B748EDD8}"
EndProject
Project("{2150E333-8FDC-42A3-9474-1A3956D46DE8}") = "Contracts", "Contracts", "{BAA5884D-E1D9-40DE-9CCB-798B12F9C39D}"
EndProject
Project("{FAE04EC0-301F-11D3-BF4B-00C04F79EFBC}") = "Resources", "Resources\Resources.csproj", "{6EEA3D11-F913-4BCB-A48A-6F7861862256}"
EndProject
Global
	GlobalSection(SolutionConfigurationPlatforms) = preSolution
		Debug|Any CPU = Debug|Any CPU
		Release|Any CPU = Release|Any CPU
	EndGlobalSection
	GlobalSection(ProjectConfigurationPlatforms) = postSolution
		{0BA1A7A5-8CA4-4779-B7AF-C4085D53E1E4}.Debug|Any CPU.ActiveCfg = Debug|Any CPU
		{0BA1A7A5-8CA4-4779-B7AF-C4085D53E1E4}.Debug|Any CPU.Build.0 = Debug|Any CPU
		{0BA1A7A5-8CA4-4779-B7AF-C4085D53E1E4}.Release|Any CPU.ActiveCfg = Release|Any CPU
		{0BA1A7A5-8CA4-4779-B7AF-C4085D53E1E4}.Release|Any CPU.Build.0 = Release|Any CPU
		{6C9FB94C-F73A-48CF-B9DA-9DA31C9399F2}.Debug|Any CPU.ActiveCfg = Debug|Any CPU
		{6C9FB94C-F73A-48CF-B9DA-9DA31C9399F2}.Debug|Any CPU.Build.0 = Debug|Any CPU
		{6C9FB94C-F73A-48CF-B9DA-9DA31C9399F2}.Release|Any CPU.ActiveCfg = Release|Any CPU
		{6C9FB94C-F73A-48CF-B9DA-9DA31C9399F2}.Release|Any CPU.Build.0 = Release|Any CPU
		{A3FC6BED-DFA3-4136-85AA-4ED3B7BE4AC5}.Debug|Any CPU.ActiveCfg = Debug|Any CPU
		{A3FC6BED-DFA3-4136-85AA-4ED3B7BE4AC5}.Debug|Any CPU.Build.0 = Debug|Any CPU
		{A3FC6BED-DFA3-4136-85AA-4ED3B7BE4AC5}.Release|Any CPU.ActiveCfg = Release|Any CPU
		{A3FC6BED-DFA3-4136-85AA-4ED3B7BE4AC5}.Release|Any CPU.Build.0 = Release|Any CPU
		{ED33CF89-BE66-496E-B50F-8D1A9D79AD88}.Debug|Any CPU.ActiveCfg = Debug|Any CPU
		{ED33CF89-BE66-496E-B50F-8D1A9D79AD88}.Debug|Any CPU.Build.0 = Debug|Any CPU
		{ED33CF89-BE66-496E-B50F-8D1A9D79AD88}.Release|Any CPU.ActiveCfg = Release|Any CPU
		{ED33CF89-BE66-496E-B50F-8D1A9D79AD88}.Release|Any CPU.Build.0 = Release|Any CPU
		{D7DB67C1-C9F3-41CE-ACAA-21CC1FA0975A}.Debug|Any CPU.ActiveCfg = Debug|Any CPU
		{D7DB67C1-C9F3-41CE-ACAA-21CC1FA0975A}.Debug|Any CPU.Build.0 = Debug|Any CPU
		{D7DB67C1-C9F3-41CE-ACAA-21CC1FA0975A}.Release|Any CPU.ActiveCfg = Release|Any CPU
		{D7DB67C1-C9F3-41CE-ACAA-21CC1FA0975A}.Release|Any CPU.Build.0 = Release|Any CPU
		{51AE95BD-FDFB-494C-AA1C-6F9E0205983C}.Debug|Any CPU.ActiveCfg = Debug|Any CPU
		{51AE95BD-FDFB-494C-AA1C-6F9E0205983C}.Debug|Any CPU.Build.0 = Debug|Any CPU
		{51AE95BD-FDFB-494C-AA1C-6F9E0205983C}.Release|Any CPU.ActiveCfg = Release|Any CPU
		{51AE95BD-FDFB-494C-AA1C-6F9E0205983C}.Release|Any CPU.Build.0 = Release|Any CPU
		{ABCC90E7-C1FD-4A20-9645-4C8F69C13271}.Debug|Any CPU.ActiveCfg = Debug|Any CPU
		{ABCC90E7-C1FD-4A20-9645-4C8F69C13271}.Debug|Any CPU.Build.0 = Debug|Any CPU
		{ABCC90E7-C1FD-4A20-9645-4C8F69C13271}.Release|Any CPU.ActiveCfg = Release|Any CPU
		{ABCC90E7-C1FD-4A20-9645-4C8F69C13271}.Release|Any CPU.Build.0 = Release|Any CPU
		{C8BA9088-6405-42B7-B4F5-5AD7186EBA49}.Debug|Any CPU.ActiveCfg = Debug|Any CPU
		{C8BA9088-6405-42B7-B4F5-5AD7186EBA49}.Debug|Any CPU.Build.0 = Debug|Any CPU
		{C8BA9088-6405-42B7-B4F5-5AD7186EBA49}.Release|Any CPU.ActiveCfg = Release|Any CPU
		{C8BA9088-6405-42B7-B4F5-5AD7186EBA49}.Release|Any CPU.Build.0 = Release|Any CPU
		{5DE2478B-EF27-414A-8B38-878866A4356A}.Debug|Any CPU.ActiveCfg = Debug|Any CPU
		{5DE2478B-EF27-414A-8B38-878866A4356A}.Debug|Any CPU.Build.0 = Debug|Any CPU
		{5DE2478B-EF27-414A-8B38-878866A4356A}.Release|Any CPU.ActiveCfg = Release|Any CPU
		{5DE2478B-EF27-414A-8B38-878866A4356A}.Release|Any CPU.Build.0 = Release|Any CPU
		{B5258C5F-0BA7-4C38-8C55-08BDC69887C6}.Debug|Any CPU.ActiveCfg = Debug|Any CPU
		{B5258C5F-0BA7-4C38-8C55-08BDC69887C6}.Debug|Any CPU.Build.0 = Debug|Any CPU
		{B5258C5F-0BA7-4C38-8C55-08BDC69887C6}.Release|Any CPU.ActiveCfg = Release|Any CPU
		{B5258C5F-0BA7-4C38-8C55-08BDC69887C6}.Release|Any CPU.Build.0 = Release|Any CPU
		{69A697A4-5F6D-44F0-9665-7DACCD3A587C}.Debug|Any CPU.ActiveCfg = Debug|Any CPU
		{69A697A4-5F6D-44F0-9665-7DACCD3A587C}.Debug|Any CPU.Build.0 = Debug|Any CPU
		{69A697A4-5F6D-44F0-9665-7DACCD3A587C}.Release|Any CPU.ActiveCfg = Release|Any CPU
		{69A697A4-5F6D-44F0-9665-7DACCD3A587C}.Release|Any CPU.Build.0 = Release|Any CPU
		{6EEA3D11-F913-4BCB-A48A-6F7861862256}.Debug|Any CPU.ActiveCfg = Debug|Any CPU
		{6EEA3D11-F913-4BCB-A48A-6F7861862256}.Debug|Any CPU.Build.0 = Debug|Any CPU
		{6EEA3D11-F913-4BCB-A48A-6F7861862256}.Release|Any CPU.ActiveCfg = Release|Any CPU
		{6EEA3D11-F913-4BCB-A48A-6F7861862256}.Release|Any CPU.Build.0 = Release|Any CPU
	EndGlobalSection
	GlobalSection(NestedProjects) = preSolution
		{D7DB67C1-C9F3-41CE-ACAA-21CC1FA0975A} = {A637E5E9-31D7-412C-88CF-91F5B748EDD8}
		{51AE95BD-FDFB-494C-AA1C-6F9E0205983C} = {A637E5E9-31D7-412C-88CF-91F5B748EDD8}
		{69A697A4-5F6D-44F0-9665-7DACCD3A587C} = {BAA5884D-E1D9-40DE-9CCB-798B12F9C39D}
		{B5258C5F-0BA7-4C38-8C55-08BDC69887C6} = {BAA5884D-E1D9-40DE-9CCB-798B12F9C39D}
		{ABCC90E7-C1FD-4A20-9645-4C8F69C13271} = {91E73F48-B2B2-488A-8BEA-94DB50841131}
		{C8BA9088-6405-42B7-B4F5-5AD7186EBA49} = {91E73F48-B2B2-488A-8BEA-94DB50841131}
		{5DE2478B-EF27-414A-8B38-878866A4356A} = {91E73F48-B2B2-488A-8BEA-94DB50841131}
	EndGlobalSection
EndGlobal
