
Microsoft Visual Studio Solution File, Format Version 12.00
Project("{FAE04EC0-301F-11D3-BF4B-00C04F79EFBC}") = "WebApp", "WebApp\WebApp.csproj", "{31EAB23D-E4AC-4D99-9207-DE79D0002C8B}"
EndProject
Project("{FAE04EC0-301F-11D3-BF4B-00C04F79EFBC}") = "DAL.App.EF", "DAL.App.EF\DAL.App.EF.csproj", "{4EF9884F-DF91-4045-81AC-9C2B5DEE3262}"
EndProject
Project("{FAE04EC0-301F-11D3-BF4B-00C04F79EFBC}") = "Contracts.DAL.Base", "Contracts.DAL.Base\Contracts.DAL.Base.csproj", "{0406AF29-336F-4131-BFE9-17480D15004B}"
EndProject
Project("{FAE04EC0-301F-11D3-BF4B-00C04F79EFBC}") = "DAL.Base", "DAL.Base\DAL.Base.csproj", "{826739E8-5514-49D5-8F49-1414144E745F}"
EndProject
Project("{FAE04EC0-301F-11D3-BF4B-00C04F79EFBC}") = "Domain", "Domain\Domain.csproj", "{0B1F885C-20D8-4C0E-B7DF-5244F681793D}"
EndProject
Project("{FAE04EC0-301F-11D3-BF4B-00C04F79EFBC}") = "Extensions", "Extensions\Extensions.csproj", "{1304780B-56A5-467C-B5FB-744BD6D0D8C8}"
EndProject
Project("{FAE04EC0-301F-11D3-BF4B-00C04F79EFBC}") = "DAL.Base.EF", "DAL.Base.EF\DAL.Base.EF.csproj", "{EA450BC6-25BA-48D9-B4AD-F48DFBE402F7}"
EndProject
Project("{FAE04EC0-301F-11D3-BF4B-00C04F79EFBC}") = "Contracts.DAL.App", "Contracts.DAL.App\Contracts.DAL.App.csproj", "{2CD5242B-EF4F-4C3F-A78D-99CEF71E05C9}"
EndProject
Global
	GlobalSection(SolutionConfigurationPlatforms) = preSolution
		Debug|Any CPU = Debug|Any CPU
		Release|Any CPU = Release|Any CPU
	EndGlobalSection
	GlobalSection(ProjectConfigurationPlatforms) = postSolution
		{31EAB23D-E4AC-4D99-9207-DE79D0002C8B}.Debug|Any CPU.ActiveCfg = Debug|Any CPU
		{31EAB23D-E4AC-4D99-9207-DE79D0002C8B}.Debug|Any CPU.Build.0 = Debug|Any CPU
		{31EAB23D-E4AC-4D99-9207-DE79D0002C8B}.Release|Any CPU.ActiveCfg = Release|Any CPU
		{31EAB23D-E4AC-4D99-9207-DE79D0002C8B}.Release|Any CPU.Build.0 = Release|Any CPU
		{4EF9884F-DF91-4045-81AC-9C2B5DEE3262}.Debug|Any CPU.ActiveCfg = Debug|Any CPU
		{4EF9884F-DF91-4045-81AC-9C2B5DEE3262}.Debug|Any CPU.Build.0 = Debug|Any CPU
		{4EF9884F-DF91-4045-81AC-9C2B5DEE3262}.Release|Any CPU.ActiveCfg = Release|Any CPU
		{4EF9884F-DF91-4045-81AC-9C2B5DEE3262}.Release|Any CPU.Build.0 = Release|Any CPU
		{0406AF29-336F-4131-BFE9-17480D15004B}.Debug|Any CPU.ActiveCfg = Debug|Any CPU
		{0406AF29-336F-4131-BFE9-17480D15004B}.Debug|Any CPU.Build.0 = Debug|Any CPU
		{0406AF29-336F-4131-BFE9-17480D15004B}.Release|Any CPU.ActiveCfg = Release|Any CPU
		{0406AF29-336F-4131-BFE9-17480D15004B}.Release|Any CPU.Build.0 = Release|Any CPU
		{826739E8-5514-49D5-8F49-1414144E745F}.Debug|Any CPU.ActiveCfg = Debug|Any CPU
		{826739E8-5514-49D5-8F49-1414144E745F}.Debug|Any CPU.Build.0 = Debug|Any CPU
		{826739E8-5514-49D5-8F49-1414144E745F}.Release|Any CPU.ActiveCfg = Release|Any CPU
		{826739E8-5514-49D5-8F49-1414144E745F}.Release|Any CPU.Build.0 = Release|Any CPU
		{0B1F885C-20D8-4C0E-B7DF-5244F681793D}.Debug|Any CPU.ActiveCfg = Debug|Any CPU
		{0B1F885C-20D8-4C0E-B7DF-5244F681793D}.Debug|Any CPU.Build.0 = Debug|Any CPU
		{0B1F885C-20D8-4C0E-B7DF-5244F681793D}.Release|Any CPU.ActiveCfg = Release|Any CPU
		{0B1F885C-20D8-4C0E-B7DF-5244F681793D}.Release|Any CPU.Build.0 = Release|Any CPU
		{1304780B-56A5-467C-B5FB-744BD6D0D8C8}.Debug|Any CPU.ActiveCfg = Debug|Any CPU
		{1304780B-56A5-467C-B5FB-744BD6D0D8C8}.Debug|Any CPU.Build.0 = Debug|Any CPU
		{1304780B-56A5-467C-B5FB-744BD6D0D8C8}.Release|Any CPU.ActiveCfg = Release|Any CPU
		{1304780B-56A5-467C-B5FB-744BD6D0D8C8}.Release|Any CPU.Build.0 = Release|Any CPU
		{EA450BC6-25BA-48D9-B4AD-F48DFBE402F7}.Debug|Any CPU.ActiveCfg = Debug|Any CPU
		{EA450BC6-25BA-48D9-B4AD-F48DFBE402F7}.Debug|Any CPU.Build.0 = Debug|Any CPU
		{EA450BC6-25BA-48D9-B4AD-F48DFBE402F7}.Release|Any CPU.ActiveCfg = Release|Any CPU
		{EA450BC6-25BA-48D9-B4AD-F48DFBE402F7}.Release|Any CPU.Build.0 = Release|Any CPU
		{2CD5242B-EF4F-4C3F-A78D-99CEF71E05C9}.Debug|Any CPU.ActiveCfg = Debug|Any CPU
		{2CD5242B-EF4F-4C3F-A78D-99CEF71E05C9}.Debug|Any CPU.Build.0 = Debug|Any CPU
		{2CD5242B-EF4F-4C3F-A78D-99CEF71E05C9}.Release|Any CPU.ActiveCfg = Release|Any CPU
		{2CD5242B-EF4F-4C3F-A78D-99CEF71E05C9}.Release|Any CPU.Build.0 = Release|Any CPU
	EndGlobalSection
EndGlobal
