
Microsoft Visual Studio Solution File, Format Version 12.00
Project("{FAE04EC0-301F-11D3-BF4B-00C04F79EFBC}") = "WebApp", "WebApp\WebApp.csproj", "{FAFDBE4F-C4CC-456D-856A-6AA10A3CE9F1}"
EndProject
Project("{FAE04EC0-301F-11D3-BF4B-00C04F79EFBC}") = "Domain", "Domain\Domain.csproj", "{F891E2B0-169C-44F2-A9AF-2B1F5772E770}"
EndProject
Project("{FAE04EC0-301F-11D3-BF4B-00C04F79EFBC}") = "DAL.App.EF", "DAL.App.EF\DAL.App.EF.csproj", "{7DE6BDE9-3D2F-49F5-8328-9FD1463533DE}"
EndProject
Project("{FAE04EC0-301F-11D3-BF4B-00C04F79EFBC}") = "Contracts.DAL.Base", "Contracts.DAL.Base\Contracts.DAL.Base.csproj", "{DF175294-6A6D-4A08-9DF0-B94B139F700A}"
EndProject
Project("{FAE04EC0-301F-11D3-BF4B-00C04F79EFBC}") = "DAL.Base", "DAL.Base\DAL.Base.csproj", "{5469A097-6F9E-401E-A464-FEF905548C54}"
EndProject
Global
	GlobalSection(SolutionConfigurationPlatforms) = preSolution
		Debug|Any CPU = Debug|Any CPU
		Release|Any CPU = Release|Any CPU
	EndGlobalSection
	GlobalSection(ProjectConfigurationPlatforms) = postSolution
		{FAFDBE4F-C4CC-456D-856A-6AA10A3CE9F1}.Debug|Any CPU.ActiveCfg = Debug|Any CPU
		{FAFDBE4F-C4CC-456D-856A-6AA10A3CE9F1}.Debug|Any CPU.Build.0 = Debug|Any CPU
		{FAFDBE4F-C4CC-456D-856A-6AA10A3CE9F1}.Release|Any CPU.ActiveCfg = Release|Any CPU
		{FAFDBE4F-C4CC-456D-856A-6AA10A3CE9F1}.Release|Any CPU.Build.0 = Release|Any CPU
		{F891E2B0-169C-44F2-A9AF-2B1F5772E770}.Debug|Any CPU.ActiveCfg = Debug|Any CPU
		{F891E2B0-169C-44F2-A9AF-2B1F5772E770}.Debug|Any CPU.Build.0 = Debug|Any CPU
		{F891E2B0-169C-44F2-A9AF-2B1F5772E770}.Release|Any CPU.ActiveCfg = Release|Any CPU
		{F891E2B0-169C-44F2-A9AF-2B1F5772E770}.Release|Any CPU.Build.0 = Release|Any CPU
		{7DE6BDE9-3D2F-49F5-8328-9FD1463533DE}.Debug|Any CPU.ActiveCfg = Debug|Any CPU
		{7DE6BDE9-3D2F-49F5-8328-9FD1463533DE}.Debug|Any CPU.Build.0 = Debug|Any CPU
		{7DE6BDE9-3D2F-49F5-8328-9FD1463533DE}.Release|Any CPU.ActiveCfg = Release|Any CPU
		{7DE6BDE9-3D2F-49F5-8328-9FD1463533DE}.Release|Any CPU.Build.0 = Release|Any CPU
		{DF175294-6A6D-4A08-9DF0-B94B139F700A}.Debug|Any CPU.ActiveCfg = Debug|Any CPU
		{DF175294-6A6D-4A08-9DF0-B94B139F700A}.Debug|Any CPU.Build.0 = Debug|Any CPU
		{DF175294-6A6D-4A08-9DF0-B94B139F700A}.Release|Any CPU.ActiveCfg = Release|Any CPU
		{DF175294-6A6D-4A08-9DF0-B94B139F700A}.Release|Any CPU.Build.0 = Release|Any CPU
		{5469A097-6F9E-401E-A464-FEF905548C54}.Debug|Any CPU.ActiveCfg = Debug|Any CPU
		{5469A097-6F9E-401E-A464-FEF905548C54}.Debug|Any CPU.Build.0 = Debug|Any CPU
		{5469A097-6F9E-401E-A464-FEF905548C54}.Release|Any CPU.ActiveCfg = Release|Any CPU
		{5469A097-6F9E-401E-A464-FEF905548C54}.Release|Any CPU.Build.0 = Release|Any CPU
	EndGlobalSection
EndGlobal
